
Microsoft Visual Studio Solution File, Format Version 12.00
# Visual Studio Version 17
VisualStudioVersion = 17.13.35931.197 d17.13
MinimumVisualStudioVersion = 10.0.40219.1
Project("{FAE04EC0-301F-11D3-BF4B-00C04F79EFBC}") = "Curs_Radaeva", "Curs_Radaeva\Curs_Radaeva.csproj", "{B595B9AE-C203-464C-AAA4-F62FFF86F8E5}"
EndProject
Global
	GlobalSection(SolutionConfigurationPlatforms) = preSolution
		Debug|Any CPU = Debug|Any CPU
		Release|Any CPU = Release|Any CPU
	EndGlobalSection
	GlobalSection(ProjectConfigurationPlatforms) = postSolution
		{B595B9AE-C203-464C-AAA4-F62FFF86F8E5}.Debug|Any CPU.ActiveCfg = Debug|Any CPU
		{B595B9AE-C203-464C-AAA4-F62FFF86F8E5}.Debug|Any CPU.Build.0 = Debug|Any CPU
		{B595B9AE-C203-464C-AAA4-F62FFF86F8E5}.Release|Any CPU.ActiveCfg = Release|Any CPU
		{B595B9AE-C203-464C-AAA4-F62FFF86F8E5}.Release|Any CPU.Build.0 = Release|Any CPU
	EndGlobalSection
	GlobalSection(SolutionProperties) = preSolution
		HideSolutionNode = FALSE
	EndGlobalSection
	GlobalSection(ExtensibilityGlobals) = postSolution
		SolutionGuid = {16FB78BF-FB92-49C2-BC45-7B254F40B86C}
	EndGlobalSection
EndGlobal
